// !$*UTF8*$!
{
	archiveVersion = 1;
	classes = {
	};
	objectVersion = 46;
	objects = {

/* Begin PBXBuildFile section */
		2910DA5215AE252929848EC5 /* Pods_RoamniTests.framework in Frameworks */ = {isa = PBXBuildFile; fileRef = 3B3107C8B0FCBE227E654655 /* Pods_RoamniTests.framework */; };
		7AFA40DE2A0DC8A82D8D676E /* Pods_RoamniUITests.framework in Frameworks */ = {isa = PBXBuildFile; fileRef = 1BBCE8525A5D7236AA5CEAD2 /* Pods_RoamniUITests.framework */; };
		A6A639921E1DF5AA0026E207 /* GoogleService-Info.plist in Resources */ = {isa = PBXBuildFile; fileRef = A6A639911E1DF5AA0026E207 /* GoogleService-Info.plist */; };
		A6A639941E1E05D10026E207 /* MyRoamniViewController.swift in Sources */ = {isa = PBXBuildFile; fileRef = A6A639931E1E05D10026E207 /* MyRoamniViewController.swift */; };
		F05F19C21E1BC26C00556CD6 /* AppDelegate.swift in Sources */ = {isa = PBXBuildFile; fileRef = F05F19C11E1BC26C00556CD6 /* AppDelegate.swift */; };
		F05F19C41E1BC26C00556CD6 /* ViewController.swift in Sources */ = {isa = PBXBuildFile; fileRef = F05F19C31E1BC26C00556CD6 /* ViewController.swift */; };
		F05F19CA1E1BC26C00556CD6 /* Roamni.xcdatamodeld in Sources */ = {isa = PBXBuildFile; fileRef = F05F19C81E1BC26C00556CD6 /* Roamni.xcdatamodeld */; };
		F05F19CC1E1BC26C00556CD6 /* Assets.xcassets in Resources */ = {isa = PBXBuildFile; fileRef = F05F19CB1E1BC26C00556CD6 /* Assets.xcassets */; };
		F05F19CF1E1BC26C00556CD6 /* LaunchScreen.storyboard in Resources */ = {isa = PBXBuildFile; fileRef = F05F19CD1E1BC26C00556CD6 /* LaunchScreen.storyboard */; };
		F05F19DA1E1BC26C00556CD6 /* RoamniTests.swift in Sources */ = {isa = PBXBuildFile; fileRef = F05F19D91E1BC26C00556CD6 /* RoamniTests.swift */; };
		F05F19E51E1BC26C00556CD6 /* RoamniUITests.swift in Sources */ = {isa = PBXBuildFile; fileRef = F05F19E41E1BC26C00556CD6 /* RoamniUITests.swift */; };
		F05F19F31E1D148400556CD6 /* NearbyTableViewController.swift in Sources */ = {isa = PBXBuildFile; fileRef = F05F19F21E1D148400556CD6 /* NearbyTableViewController.swift */; };
		F05F19F61E1D18B700556CD6 /* WalkingTableViewCell.swift in Sources */ = {isa = PBXBuildFile; fileRef = F05F19F51E1D18B700556CD6 /* WalkingTableViewCell.swift */; };
		F05F19F81E1D190800556CD6 /* DrivingTableViewCell.swift in Sources */ = {isa = PBXBuildFile; fileRef = F05F19F71E1D190800556CD6 /* DrivingTableViewCell.swift */; };
		F05F19FA1E1D191300556CD6 /* CyclingTableViewCell.swift in Sources */ = {isa = PBXBuildFile; fileRef = F05F19F91E1D191300556CD6 /* CyclingTableViewCell.swift */; };
		F05F19FD1E1D1DE200556CD6 /* NearbyViewController.swift in Sources */ = {isa = PBXBuildFile; fileRef = F05F19FC1E1D1DE200556CD6 /* NearbyViewController.swift */; };
		F05F1A0B1E1D379800556CD6 /* ShopTableViewCell.swift in Sources */ = {isa = PBXBuildFile; fileRef = F05F1A0A1E1D379800556CD6 /* ShopTableViewCell.swift */; };
		F05F1A0D1E1D37A900556CD6 /* RealTableViewCell.swift in Sources */ = {isa = PBXBuildFile; fileRef = F05F1A0C1E1D37A900556CD6 /* RealTableViewCell.swift */; };
		F05F1A0F1E1D37BE00556CD6 /* AccTableViewCell.swift in Sources */ = {isa = PBXBuildFile; fileRef = F05F1A0E1E1D37BE00556CD6 /* AccTableViewCell.swift */; };
		F05F1A111E1D37CC00556CD6 /* MoreTableViewCell.swift in Sources */ = {isa = PBXBuildFile; fileRef = F05F1A101E1D37CC00556CD6 /* MoreTableViewCell.swift */; };
		F05F1A131E1D37E200556CD6 /* RecomTableViewCell.swift in Sources */ = {isa = PBXBuildFile; fileRef = F05F1A121E1D37E200556CD6 /* RecomTableViewCell.swift */; };
		F05F1A151E1D37F100556CD6 /* PreTableViewCell.swift in Sources */ = {isa = PBXBuildFile; fileRef = F05F1A141E1D37F100556CD6 /* PreTableViewCell.swift */; };
		F05F1A171E1D3A2D00556CD6 /* SearchViewController.swift in Sources */ = {isa = PBXBuildFile; fileRef = F05F1A161E1D3A2D00556CD6 /* SearchViewController.swift */; };
		F05F1A191E1D403C00556CD6 /* SearchListTableViewController.swift in Sources */ = {isa = PBXBuildFile; fileRef = F05F1A181E1D403C00556CD6 /* SearchListTableViewController.swift */; };
		F063DE1D1E22929D00424985 /* DetailViewController.swift in Sources */ = {isa = PBXBuildFile; fileRef = F063DE1C1E22929D00424985 /* DetailViewController.swift */; };
		F063DE1F1E2355DC00424985 /* Tour.swift in Sources */ = {isa = PBXBuildFile; fileRef = F063DE1E1E2355DC00424985 /* Tour.swift */; };
		F063DE211E239B0400424985 /* Main.storyboard in Resources */ = {isa = PBXBuildFile; fileRef = F063DE201E239B0400424985 /* Main.storyboard */; };
		F600FF01EC8FB4F541B41A03 /* Pods_Roamni.framework in Frameworks */ = {isa = PBXBuildFile; fileRef = A531D37C9D53C200DDC8D43A /* Pods_Roamni.framework */; };
/* End PBXBuildFile section */

/* Begin PBXContainerItemProxy section */
		F05F19D61E1BC26C00556CD6 /* PBXContainerItemProxy */ = {
			isa = PBXContainerItemProxy;
			containerPortal = F05F19B61E1BC26C00556CD6 /* Project object */;
			proxyType = 1;
			remoteGlobalIDString = F05F19BD1E1BC26C00556CD6;
			remoteInfo = Roamni;
		};
		F05F19E11E1BC26C00556CD6 /* PBXContainerItemProxy */ = {
			isa = PBXContainerItemProxy;
			containerPortal = F05F19B61E1BC26C00556CD6 /* Project object */;
			proxyType = 1;
			remoteGlobalIDString = F05F19BD1E1BC26C00556CD6;
			remoteInfo = Roamni;
		};
/* End PBXContainerItemProxy section */

/* Begin PBXFileReference section */
		1BBCE8525A5D7236AA5CEAD2 /* Pods_RoamniUITests.framework */ = {isa = PBXFileReference; explicitFileType = wrapper.framework; includeInIndex = 0; path = Pods_RoamniUITests.framework; sourceTree = BUILT_PRODUCTS_DIR; };
		3B3107C8B0FCBE227E654655 /* Pods_RoamniTests.framework */ = {isa = PBXFileReference; explicitFileType = wrapper.framework; includeInIndex = 0; path = Pods_RoamniTests.framework; sourceTree = BUILT_PRODUCTS_DIR; };
		47FFDFCA848D1C7A4458852B /* Pods-RoamniTests.release.xcconfig */ = {isa = PBXFileReference; includeInIndex = 1; lastKnownFileType = text.xcconfig; name = "Pods-RoamniTests.release.xcconfig"; path = "Pods/Target Support Files/Pods-RoamniTests/Pods-RoamniTests.release.xcconfig"; sourceTree = "<group>"; };
		6BF49D98EAD3D4B15D245B4E /* Pods-RoamniUITests.debug.xcconfig */ = {isa = PBXFileReference; includeInIndex = 1; lastKnownFileType = text.xcconfig; name = "Pods-RoamniUITests.debug.xcconfig"; path = "Pods/Target Support Files/Pods-RoamniUITests/Pods-RoamniUITests.debug.xcconfig"; sourceTree = "<group>"; };
		A531D37C9D53C200DDC8D43A /* Pods_Roamni.framework */ = {isa = PBXFileReference; explicitFileType = wrapper.framework; includeInIndex = 0; path = Pods_Roamni.framework; sourceTree = BUILT_PRODUCTS_DIR; };
		A6A639911E1DF5AA0026E207 /* GoogleService-Info.plist */ = {isa = PBXFileReference; fileEncoding = 4; lastKnownFileType = text.plist.xml; path = "GoogleService-Info.plist"; sourceTree = "<group>"; };
		A6A639931E1E05D10026E207 /* MyRoamniViewController.swift */ = {isa = PBXFileReference; fileEncoding = 4; lastKnownFileType = sourcecode.swift; path = MyRoamniViewController.swift; sourceTree = "<group>"; };
		AC13739CE1DA53B86601A213 /* Pods-RoamniTests.debug.xcconfig */ = {isa = PBXFileReference; includeInIndex = 1; lastKnownFileType = text.xcconfig; name = "Pods-RoamniTests.debug.xcconfig"; path = "Pods/Target Support Files/Pods-RoamniTests/Pods-RoamniTests.debug.xcconfig"; sourceTree = "<group>"; };
		B6B44BF97247FFACC8EC1517 /* Pods-Roamni.debug.xcconfig */ = {isa = PBXFileReference; includeInIndex = 1; lastKnownFileType = text.xcconfig; name = "Pods-Roamni.debug.xcconfig"; path = "Pods/Target Support Files/Pods-Roamni/Pods-Roamni.debug.xcconfig"; sourceTree = "<group>"; };
		C95B3B5E6B72742CC18460B8 /* Pods-Roamni.release.xcconfig */ = {isa = PBXFileReference; includeInIndex = 1; lastKnownFileType = text.xcconfig; name = "Pods-Roamni.release.xcconfig"; path = "Pods/Target Support Files/Pods-Roamni/Pods-Roamni.release.xcconfig"; sourceTree = "<group>"; };
		F05F19BE1E1BC26C00556CD6 /* Roamni.app */ = {isa = PBXFileReference; explicitFileType = wrapper.application; includeInIndex = 0; path = Roamni.app; sourceTree = BUILT_PRODUCTS_DIR; };
		F05F19C11E1BC26C00556CD6 /* AppDelegate.swift */ = {isa = PBXFileReference; lastKnownFileType = sourcecode.swift; path = AppDelegate.swift; sourceTree = "<group>"; };
		F05F19C31E1BC26C00556CD6 /* ViewController.swift */ = {isa = PBXFileReference; lastKnownFileType = sourcecode.swift; path = ViewController.swift; sourceTree = "<group>"; };
		F05F19C91E1BC26C00556CD6 /* Roamni.xcdatamodel */ = {isa = PBXFileReference; lastKnownFileType = wrapper.xcdatamodel; path = Roamni.xcdatamodel; sourceTree = "<group>"; };
		F05F19CB1E1BC26C00556CD6 /* Assets.xcassets */ = {isa = PBXFileReference; lastKnownFileType = folder.assetcatalog; path = Assets.xcassets; sourceTree = "<group>"; };
		F05F19CE1E1BC26C00556CD6 /* Base */ = {isa = PBXFileReference; lastKnownFileType = file.storyboard; name = Base; path = Base.lproj/LaunchScreen.storyboard; sourceTree = "<group>"; };
		F05F19D01E1BC26C00556CD6 /* Info.plist */ = {isa = PBXFileReference; lastKnownFileType = text.plist.xml; path = Info.plist; sourceTree = "<group>"; };
		F05F19D51E1BC26C00556CD6 /* RoamniTests.xctest */ = {isa = PBXFileReference; explicitFileType = wrapper.cfbundle; includeInIndex = 0; path = RoamniTests.xctest; sourceTree = BUILT_PRODUCTS_DIR; };
		F05F19D91E1BC26C00556CD6 /* RoamniTests.swift */ = {isa = PBXFileReference; lastKnownFileType = sourcecode.swift; path = RoamniTests.swift; sourceTree = "<group>"; };
		F05F19DB1E1BC26C00556CD6 /* Info.plist */ = {isa = PBXFileReference; lastKnownFileType = text.plist.xml; path = Info.plist; sourceTree = "<group>"; };
		F05F19E01E1BC26C00556CD6 /* RoamniUITests.xctest */ = {isa = PBXFileReference; explicitFileType = wrapper.cfbundle; includeInIndex = 0; path = RoamniUITests.xctest; sourceTree = BUILT_PRODUCTS_DIR; };
		F05F19E41E1BC26C00556CD6 /* RoamniUITests.swift */ = {isa = PBXFileReference; lastKnownFileType = sourcecode.swift; path = RoamniUITests.swift; sourceTree = "<group>"; };
		F05F19E61E1BC26C00556CD6 /* Info.plist */ = {isa = PBXFileReference; lastKnownFileType = text.plist.xml; path = Info.plist; sourceTree = "<group>"; };
		F05F19F21E1D148400556CD6 /* NearbyTableViewController.swift */ = {isa = PBXFileReference; fileEncoding = 4; lastKnownFileType = sourcecode.swift; path = NearbyTableViewController.swift; sourceTree = "<group>"; };
		F05F19F51E1D18B700556CD6 /* WalkingTableViewCell.swift */ = {isa = PBXFileReference; fileEncoding = 4; lastKnownFileType = sourcecode.swift; path = WalkingTableViewCell.swift; sourceTree = "<group>"; };
		F05F19F71E1D190800556CD6 /* DrivingTableViewCell.swift */ = {isa = PBXFileReference; fileEncoding = 4; lastKnownFileType = sourcecode.swift; path = DrivingTableViewCell.swift; sourceTree = "<group>"; };
		F05F19F91E1D191300556CD6 /* CyclingTableViewCell.swift */ = {isa = PBXFileReference; fileEncoding = 4; lastKnownFileType = sourcecode.swift; path = CyclingTableViewCell.swift; sourceTree = "<group>"; };
		F05F19FC1E1D1DE200556CD6 /* NearbyViewController.swift */ = {isa = PBXFileReference; fileEncoding = 4; lastKnownFileType = sourcecode.swift; path = NearbyViewController.swift; sourceTree = "<group>"; };
		F05F1A0A1E1D379800556CD6 /* ShopTableViewCell.swift */ = {isa = PBXFileReference; fileEncoding = 4; lastKnownFileType = sourcecode.swift; path = ShopTableViewCell.swift; sourceTree = "<group>"; };
		F05F1A0C1E1D37A900556CD6 /* RealTableViewCell.swift */ = {isa = PBXFileReference; fileEncoding = 4; lastKnownFileType = sourcecode.swift; path = RealTableViewCell.swift; sourceTree = "<group>"; };
		F05F1A0E1E1D37BE00556CD6 /* AccTableViewCell.swift */ = {isa = PBXFileReference; fileEncoding = 4; lastKnownFileType = sourcecode.swift; path = AccTableViewCell.swift; sourceTree = "<group>"; };
		F05F1A101E1D37CC00556CD6 /* MoreTableViewCell.swift */ = {isa = PBXFileReference; fileEncoding = 4; lastKnownFileType = sourcecode.swift; path = MoreTableViewCell.swift; sourceTree = "<group>"; };
		F05F1A121E1D37E200556CD6 /* RecomTableViewCell.swift */ = {isa = PBXFileReference; fileEncoding = 4; lastKnownFileType = sourcecode.swift; path = RecomTableViewCell.swift; sourceTree = "<group>"; };
		F05F1A141E1D37F100556CD6 /* PreTableViewCell.swift */ = {isa = PBXFileReference; fileEncoding = 4; lastKnownFileType = sourcecode.swift; path = PreTableViewCell.swift; sourceTree = "<group>"; };
		F05F1A161E1D3A2D00556CD6 /* SearchViewController.swift */ = {isa = PBXFileReference; fileEncoding = 4; lastKnownFileType = sourcecode.swift; path = SearchViewController.swift; sourceTree = "<group>"; };
		F05F1A181E1D403C00556CD6 /* SearchListTableViewController.swift */ = {isa = PBXFileReference; fileEncoding = 4; lastKnownFileType = sourcecode.swift; path = SearchListTableViewController.swift; sourceTree = "<group>"; };
		F063DE1C1E22929D00424985 /* DetailViewController.swift */ = {isa = PBXFileReference; fileEncoding = 4; lastKnownFileType = sourcecode.swift; path = DetailViewController.swift; sourceTree = "<group>"; };
		F063DE1E1E2355DC00424985 /* Tour.swift */ = {isa = PBXFileReference; fileEncoding = 4; lastKnownFileType = sourcecode.swift; path = Tour.swift; sourceTree = "<group>"; };
		F063DE201E239B0400424985 /* Main.storyboard */ = {isa = PBXFileReference; fileEncoding = 4; lastKnownFileType = file.storyboard; path = Main.storyboard; sourceTree = "<group>"; };
		F51C488CFB7EC4528C52017A /* Pods-RoamniUITests.release.xcconfig */ = {isa = PBXFileReference; includeInIndex = 1; lastKnownFileType = text.xcconfig; name = "Pods-RoamniUITests.release.xcconfig"; path = "Pods/Target Support Files/Pods-RoamniUITests/Pods-RoamniUITests.release.xcconfig"; sourceTree = "<group>"; };
/* End PBXFileReference section */

/* Begin PBXFrameworksBuildPhase section */
		F05F19BB1E1BC26C00556CD6 /* Frameworks */ = {
			isa = PBXFrameworksBuildPhase;
			buildActionMask = 2147483647;
			files = (
				F600FF01EC8FB4F541B41A03 /* Pods_Roamni.framework in Frameworks */,
			);
			runOnlyForDeploymentPostprocessing = 0;
		};
		F05F19D21E1BC26C00556CD6 /* Frameworks */ = {
			isa = PBXFrameworksBuildPhase;
			buildActionMask = 2147483647;
			files = (
				2910DA5215AE252929848EC5 /* Pods_RoamniTests.framework in Frameworks */,
			);
			runOnlyForDeploymentPostprocessing = 0;
		};
		F05F19DD1E1BC26C00556CD6 /* Frameworks */ = {
			isa = PBXFrameworksBuildPhase;
			buildActionMask = 2147483647;
			files = (
				7AFA40DE2A0DC8A82D8D676E /* Pods_RoamniUITests.framework in Frameworks */,
			);
			runOnlyForDeploymentPostprocessing = 0;
		};
/* End PBXFrameworksBuildPhase section */

/* Begin PBXGroup section */
		26415866E4836DD71E862909 /* Frameworks */ = {
			isa = PBXGroup;
			children = (
				A531D37C9D53C200DDC8D43A /* Pods_Roamni.framework */,
				3B3107C8B0FCBE227E654655 /* Pods_RoamniTests.framework */,
				1BBCE8525A5D7236AA5CEAD2 /* Pods_RoamniUITests.framework */,
			);
			name = Frameworks;
			sourceTree = "<group>";
		};
		7190522F37E389E02E313638 /* Pods */ = {
			isa = PBXGroup;
			children = (
				B6B44BF97247FFACC8EC1517 /* Pods-Roamni.debug.xcconfig */,
				C95B3B5E6B72742CC18460B8 /* Pods-Roamni.release.xcconfig */,
				AC13739CE1DA53B86601A213 /* Pods-RoamniTests.debug.xcconfig */,
				47FFDFCA848D1C7A4458852B /* Pods-RoamniTests.release.xcconfig */,
				6BF49D98EAD3D4B15D245B4E /* Pods-RoamniUITests.debug.xcconfig */,
				F51C488CFB7EC4528C52017A /* Pods-RoamniUITests.release.xcconfig */,
			);
			name = Pods;
			sourceTree = "<group>";
		};
		F05F19B51E1BC26C00556CD6 = {
			isa = PBXGroup;
			children = (
				F05F19C01E1BC26C00556CD6 /* Roamni */,
				F05F19D81E1BC26C00556CD6 /* RoamniTests */,
				F05F19E31E1BC26C00556CD6 /* RoamniUITests */,
				F05F19BF1E1BC26C00556CD6 /* Products */,
				7190522F37E389E02E313638 /* Pods */,
				26415866E4836DD71E862909 /* Frameworks */,
			);
			sourceTree = "<group>";
		};
		F05F19BF1E1BC26C00556CD6 /* Products */ = {
			isa = PBXGroup;
			children = (
				F05F19BE1E1BC26C00556CD6 /* Roamni.app */,
				F05F19D51E1BC26C00556CD6 /* RoamniTests.xctest */,
				F05F19E01E1BC26C00556CD6 /* RoamniUITests.xctest */,
			);
			name = Products;
			sourceTree = "<group>";
		};
		F05F19C01E1BC26C00556CD6 /* Roamni */ = {
			isa = PBXGroup;
			children = (
				F05F19FB1E1D1DC600556CD6 /* Controller */,
				F05F19F41E1D186A00556CD6 /* TableCell */,
				F05F19C11E1BC26C00556CD6 /* AppDelegate.swift */,
				F05F19C31E1BC26C00556CD6 /* ViewController.swift */,
				F063DE201E239B0400424985 /* Main.storyboard */,
				F05F19CB1E1BC26C00556CD6 /* Assets.xcassets */,
				F05F19CD1E1BC26C00556CD6 /* LaunchScreen.storyboard */,
				F05F19D01E1BC26C00556CD6 /* Info.plist */,
				F05F19C81E1BC26C00556CD6 /* Roamni.xcdatamodeld */,
				A6A639911E1DF5AA0026E207 /* GoogleService-Info.plist */,
				F063DE1E1E2355DC00424985 /* Tour.swift */,
			);
			path = Roamni;
			sourceTree = "<group>";
		};
		F05F19D81E1BC26C00556CD6 /* RoamniTests */ = {
			isa = PBXGroup;
			children = (
				F05F19D91E1BC26C00556CD6 /* RoamniTests.swift */,
				F05F19DB1E1BC26C00556CD6 /* Info.plist */,
			);
			path = RoamniTests;
			sourceTree = "<group>";
		};
		F05F19E31E1BC26C00556CD6 /* RoamniUITests */ = {
			isa = PBXGroup;
			children = (
				F05F19E41E1BC26C00556CD6 /* RoamniUITests.swift */,
				F05F19E61E1BC26C00556CD6 /* Info.plist */,
			);
			path = RoamniUITests;
			sourceTree = "<group>";
		};
		F05F19F41E1D186A00556CD6 /* TableCell */ = {
			isa = PBXGroup;
			children = (
				F05F19F51E1D18B700556CD6 /* WalkingTableViewCell.swift */,
				F05F19F71E1D190800556CD6 /* DrivingTableViewCell.swift */,
				F05F19F91E1D191300556CD6 /* CyclingTableViewCell.swift */,
				F05F1A0A1E1D379800556CD6 /* ShopTableViewCell.swift */,
				F05F1A0C1E1D37A900556CD6 /* RealTableViewCell.swift */,
				F05F1A0E1E1D37BE00556CD6 /* AccTableViewCell.swift */,
				F05F1A101E1D37CC00556CD6 /* MoreTableViewCell.swift */,
				F05F1A121E1D37E200556CD6 /* RecomTableViewCell.swift */,
				F05F1A141E1D37F100556CD6 /* PreTableViewCell.swift */,
			);
			name = TableCell;
			sourceTree = "<group>";
		};
		F05F19FB1E1D1DC600556CD6 /* Controller */ = {
			isa = PBXGroup;
			children = (
				F05F19FC1E1D1DE200556CD6 /* NearbyViewController.swift */,
				F05F1A161E1D3A2D00556CD6 /* SearchViewController.swift */,
				F05F1A181E1D403C00556CD6 /* SearchListTableViewController.swift */,
				F063DE1C1E22929D00424985 /* DetailViewController.swift */,
				F05F19F21E1D148400556CD6 /* NearbyTableViewController.swift */,
				A6A639931E1E05D10026E207 /* MyRoamniViewController.swift */,
			);
			name = Controller;
			sourceTree = "<group>";
		};
/* End PBXGroup section */

/* Begin PBXNativeTarget section */
		F05F19BD1E1BC26C00556CD6 /* Roamni */ = {
			isa = PBXNativeTarget;
			buildConfigurationList = F05F19E91E1BC26C00556CD6 /* Build configuration list for PBXNativeTarget "Roamni" */;
			buildPhases = (
				508FD1AD5DCB4690906CA30B /* [CP] Check Pods Manifest.lock */,
				F05F19BA1E1BC26C00556CD6 /* Sources */,
				F05F19BB1E1BC26C00556CD6 /* Frameworks */,
				F05F19BC1E1BC26C00556CD6 /* Resources */,
				C18BD87588C0ECDD92D64383 /* [CP] Embed Pods Frameworks */,
				172BD6BA9FE0FC0FB3E773EA /* [CP] Copy Pods Resources */,
			);
			buildRules = (
			);
			dependencies = (
			);
			name = Roamni;
			productName = Roamni;
			productReference = F05F19BE1E1BC26C00556CD6 /* Roamni.app */;
			productType = "com.apple.product-type.application";
		};
		F05F19D41E1BC26C00556CD6 /* RoamniTests */ = {
			isa = PBXNativeTarget;
			buildConfigurationList = F05F19EC1E1BC26C00556CD6 /* Build configuration list for PBXNativeTarget "RoamniTests" */;
			buildPhases = (
				0D42F4454131682D213679A9 /* [CP] Check Pods Manifest.lock */,
				F05F19D11E1BC26C00556CD6 /* Sources */,
				F05F19D21E1BC26C00556CD6 /* Frameworks */,
				F05F19D31E1BC26C00556CD6 /* Resources */,
				1747B2AFFC88D60D92C3CC47 /* [CP] Embed Pods Frameworks */,
				E47A53B2D9935E7F47489C3F /* [CP] Copy Pods Resources */,
			);
			buildRules = (
			);
			dependencies = (
				F05F19D71E1BC26C00556CD6 /* PBXTargetDependency */,
			);
			name = RoamniTests;
			productName = RoamniTests;
			productReference = F05F19D51E1BC26C00556CD6 /* RoamniTests.xctest */;
			productType = "com.apple.product-type.bundle.unit-test";
		};
		F05F19DF1E1BC26C00556CD6 /* RoamniUITests */ = {
			isa = PBXNativeTarget;
			buildConfigurationList = F05F19EF1E1BC26C00556CD6 /* Build configuration list for PBXNativeTarget "RoamniUITests" */;
			buildPhases = (
				A733BEDA1F005371001E1C74 /* [CP] Check Pods Manifest.lock */,
				F05F19DC1E1BC26C00556CD6 /* Sources */,
				F05F19DD1E1BC26C00556CD6 /* Frameworks */,
				F05F19DE1E1BC26C00556CD6 /* Resources */,
				4625B3934F4DD0A5ED70E82E /* [CP] Embed Pods Frameworks */,
				B177A9F7B8B4BD5850715A8A /* [CP] Copy Pods Resources */,
			);
			buildRules = (
			);
			dependencies = (
				F05F19E21E1BC26C00556CD6 /* PBXTargetDependency */,
			);
			name = RoamniUITests;
			productName = RoamniUITests;
			productReference = F05F19E01E1BC26C00556CD6 /* RoamniUITests.xctest */;
			productType = "com.apple.product-type.bundle.ui-testing";
		};
/* End PBXNativeTarget section */

/* Begin PBXProject section */
		F05F19B61E1BC26C00556CD6 /* Project object */ = {
			isa = PBXProject;
			attributes = {
				LastSwiftUpdateCheck = 0820;
				LastUpgradeCheck = 0820;
				ORGANIZATIONNAME = ROAMNI;
				TargetAttributes = {
					F05F19BD1E1BC26C00556CD6 = {
						CreatedOnToolsVersion = 8.2.1;
						DevelopmentTeam = BRJW2E4722;
						ProvisioningStyle = Automatic;
					};
					F05F19D41E1BC26C00556CD6 = {
						CreatedOnToolsVersion = 8.2.1;
						DevelopmentTeam = 5UEEWU7R25;
						ProvisioningStyle = Automatic;
						TestTargetID = F05F19BD1E1BC26C00556CD6;
					};
					F05F19DF1E1BC26C00556CD6 = {
						CreatedOnToolsVersion = 8.2.1;
						DevelopmentTeam = 5UEEWU7R25;
						ProvisioningStyle = Automatic;
						TestTargetID = F05F19BD1E1BC26C00556CD6;
					};
				};
			};
			buildConfigurationList = F05F19B91E1BC26C00556CD6 /* Build configuration list for PBXProject "Roamni" */;
			compatibilityVersion = "Xcode 3.2";
			developmentRegion = English;
			hasScannedForEncodings = 0;
			knownRegions = (
				en,
				Base,
			);
			mainGroup = F05F19B51E1BC26C00556CD6;
			productRefGroup = F05F19BF1E1BC26C00556CD6 /* Products */;
			projectDirPath = "";
			projectRoot = "";
			targets = (
				F05F19BD1E1BC26C00556CD6 /* Roamni */,
				F05F19D41E1BC26C00556CD6 /* RoamniTests */,
				F05F19DF1E1BC26C00556CD6 /* RoamniUITests */,
			);
		};
/* End PBXProject section */

/* Begin PBXResourcesBuildPhase section */
		F05F19BC1E1BC26C00556CD6 /* Resources */ = {
			isa = PBXResourcesBuildPhase;
			buildActionMask = 2147483647;
			files = (
				F05F19CF1E1BC26C00556CD6 /* LaunchScreen.storyboard in Resources */,
				A6A639921E1DF5AA0026E207 /* GoogleService-Info.plist in Resources */,
				F05F19CC1E1BC26C00556CD6 /* Assets.xcassets in Resources */,
				F063DE211E239B0400424985 /* Main.storyboard in Resources */,
			);
			runOnlyForDeploymentPostprocessing = 0;
		};
		F05F19D31E1BC26C00556CD6 /* Resources */ = {
			isa = PBXResourcesBuildPhase;
			buildActionMask = 2147483647;
			files = (
			);
			runOnlyForDeploymentPostprocessing = 0;
		};
		F05F19DE1E1BC26C00556CD6 /* Resources */ = {
			isa = PBXResourcesBuildPhase;
			buildActionMask = 2147483647;
			files = (
			);
			runOnlyForDeploymentPostprocessing = 0;
		};
/* End PBXResourcesBuildPhase section */

/* Begin PBXShellScriptBuildPhase section */
		0D42F4454131682D213679A9 /* [CP] Check Pods Manifest.lock */ = {
			isa = PBXShellScriptBuildPhase;
			buildActionMask = 2147483647;
			files = (
			);
			inputPaths = (
			);
			name = "[CP] Check Pods Manifest.lock";
			outputPaths = (
			);
			runOnlyForDeploymentPostprocessing = 0;
			shellPath = /bin/sh;
			shellScript = "diff \"${PODS_ROOT}/../Podfile.lock\" \"${PODS_ROOT}/Manifest.lock\" > /dev/null\nif [ $? != 0 ] ; then\n    # print error to STDERR\n    echo \"error: The sandbox is not in sync with the Podfile.lock. Run 'pod install' or update your CocoaPods installation.\" >&2\n    exit 1\nfi\n";
			showEnvVarsInLog = 0;
		};
		172BD6BA9FE0FC0FB3E773EA /* [CP] Copy Pods Resources */ = {
			isa = PBXShellScriptBuildPhase;
			buildActionMask = 2147483647;
			files = (
			);
			inputPaths = (
			);
			name = "[CP] Copy Pods Resources";
			outputPaths = (
			);
			runOnlyForDeploymentPostprocessing = 0;
			shellPath = /bin/sh;
			shellScript = "\"${SRCROOT}/Pods/Target Support Files/Pods-Roamni/Pods-Roamni-resources.sh\"\n";
			showEnvVarsInLog = 0;
		};
		1747B2AFFC88D60D92C3CC47 /* [CP] Embed Pods Frameworks */ = {
			isa = PBXShellScriptBuildPhase;
			buildActionMask = 2147483647;
			files = (
			);
			inputPaths = (
			);
			name = "[CP] Embed Pods Frameworks";
			outputPaths = (
			);
			runOnlyForDeploymentPostprocessing = 0;
			shellPath = /bin/sh;
			shellScript = "\"${SRCROOT}/Pods/Target Support Files/Pods-RoamniTests/Pods-RoamniTests-frameworks.sh\"\n";
			showEnvVarsInLog = 0;
		};
		4625B3934F4DD0A5ED70E82E /* [CP] Embed Pods Frameworks */ = {
			isa = PBXShellScriptBuildPhase;
			buildActionMask = 2147483647;
			files = (
			);
			inputPaths = (
			);
			name = "[CP] Embed Pods Frameworks";
			outputPaths = (
			);
			runOnlyForDeploymentPostprocessing = 0;
			shellPath = /bin/sh;
			shellScript = "\"${SRCROOT}/Pods/Target Support Files/Pods-RoamniUITests/Pods-RoamniUITests-frameworks.sh\"\n";
			showEnvVarsInLog = 0;
		};
		508FD1AD5DCB4690906CA30B /* [CP] Check Pods Manifest.lock */ = {
			isa = PBXShellScriptBuildPhase;
			buildActionMask = 2147483647;
			files = (
			);
			inputPaths = (
			);
			name = "[CP] Check Pods Manifest.lock";
			outputPaths = (
			);
			runOnlyForDeploymentPostprocessing = 0;
			shellPath = /bin/sh;
			shellScript = "diff \"${PODS_ROOT}/../Podfile.lock\" \"${PODS_ROOT}/Manifest.lock\" > /dev/null\nif [ $? != 0 ] ; then\n    # print error to STDERR\n    echo \"error: The sandbox is not in sync with the Podfile.lock. Run 'pod install' or update your CocoaPods installation.\" >&2\n    exit 1\nfi\n";
			showEnvVarsInLog = 0;
		};
		A733BEDA1F005371001E1C74 /* [CP] Check Pods Manifest.lock */ = {
			isa = PBXShellScriptBuildPhase;
			buildActionMask = 2147483647;
			files = (
			);
			inputPaths = (
			);
			name = "[CP] Check Pods Manifest.lock";
			outputPaths = (
			);
			runOnlyForDeploymentPostprocessing = 0;
			shellPath = /bin/sh;
			shellScript = "diff \"${PODS_ROOT}/../Podfile.lock\" \"${PODS_ROOT}/Manifest.lock\" > /dev/null\nif [ $? != 0 ] ; then\n    # print error to STDERR\n    echo \"error: The sandbox is not in sync with the Podfile.lock. Run 'pod install' or update your CocoaPods installation.\" >&2\n    exit 1\nfi\n";
			showEnvVarsInLog = 0;
		};
		B177A9F7B8B4BD5850715A8A /* [CP] Copy Pods Resources */ = {
			isa = PBXShellScriptBuildPhase;
			buildActionMask = 2147483647;
			files = (
			);
			inputPaths = (
			);
			name = "[CP] Copy Pods Resources";
			outputPaths = (
			);
			runOnlyForDeploymentPostprocessing = 0;
			shellPath = /bin/sh;
			shellScript = "\"${SRCROOT}/Pods/Target Support Files/Pods-RoamniUITests/Pods-RoamniUITests-resources.sh\"\n";
			showEnvVarsInLog = 0;
		};
		C18BD87588C0ECDD92D64383 /* [CP] Embed Pods Frameworks */ = {
			isa = PBXShellScriptBuildPhase;
			buildActionMask = 2147483647;
			files = (
			);
			inputPaths = (
			);
			name = "[CP] Embed Pods Frameworks";
			outputPaths = (
			);
			runOnlyForDeploymentPostprocessing = 0;
			shellPath = /bin/sh;
			shellScript = "\"${SRCROOT}/Pods/Target Support Files/Pods-Roamni/Pods-Roamni-frameworks.sh\"\n";
			showEnvVarsInLog = 0;
		};
		E47A53B2D9935E7F47489C3F /* [CP] Copy Pods Resources */ = {
			isa = PBXShellScriptBuildPhase;
			buildActionMask = 2147483647;
			files = (
			);
			inputPaths = (
			);
			name = "[CP] Copy Pods Resources";
			outputPaths = (
			);
			runOnlyForDeploymentPostprocessing = 0;
			shellPath = /bin/sh;
			shellScript = "\"${SRCROOT}/Pods/Target Support Files/Pods-RoamniTests/Pods-RoamniTests-resources.sh\"\n";
			showEnvVarsInLog = 0;
		};
/* End PBXShellScriptBuildPhase section */

/* Begin PBXSourcesBuildPhase section */
		F05F19BA1E1BC26C00556CD6 /* Sources */ = {
			isa = PBXSourcesBuildPhase;
			buildActionMask = 2147483647;
			files = (
				F05F1A171E1D3A2D00556CD6 /* SearchViewController.swift in Sources */,
				F05F19F61E1D18B700556CD6 /* WalkingTableViewCell.swift in Sources */,
				F05F19F81E1D190800556CD6 /* DrivingTableViewCell.swift in Sources */,
				F063DE1F1E2355DC00424985 /* Tour.swift in Sources */,
				F05F19CA1E1BC26C00556CD6 /* Roamni.xcdatamodeld in Sources */,
				F05F1A131E1D37E200556CD6 /* RecomTableViewCell.swift in Sources */,
				F05F19C41E1BC26C00556CD6 /* ViewController.swift in Sources */,
				F05F1A111E1D37CC00556CD6 /* MoreTableViewCell.swift in Sources */,
				F05F19F31E1D148400556CD6 /* NearbyTableViewController.swift in Sources */,
				A6A639941E1E05D10026E207 /* MyRoamniViewController.swift in Sources */,
				F05F1A0D1E1D37A900556CD6 /* RealTableViewCell.swift in Sources */,
				F063DE1D1E22929D00424985 /* DetailViewController.swift in Sources */,
				F05F19FD1E1D1DE200556CD6 /* NearbyViewController.swift in Sources */,
				F05F1A0B1E1D379800556CD6 /* ShopTableViewCell.swift in Sources */,
				F05F1A0F1E1D37BE00556CD6 /* AccTableViewCell.swift in Sources */,
				F05F19C21E1BC26C00556CD6 /* AppDelegate.swift in Sources */,
				F05F19FA1E1D191300556CD6 /* CyclingTableViewCell.swift in Sources */,
				F05F1A151E1D37F100556CD6 /* PreTableViewCell.swift in Sources */,
				F05F1A191E1D403C00556CD6 /* SearchListTableViewController.swift in Sources */,
			);
			runOnlyForDeploymentPostprocessing = 0;
		};
		F05F19D11E1BC26C00556CD6 /* Sources */ = {
			isa = PBXSourcesBuildPhase;
			buildActionMask = 2147483647;
			files = (
				F05F19DA1E1BC26C00556CD6 /* RoamniTests.swift in Sources */,
			);
			runOnlyForDeploymentPostprocessing = 0;
		};
		F05F19DC1E1BC26C00556CD6 /* Sources */ = {
			isa = PBXSourcesBuildPhase;
			buildActionMask = 2147483647;
			files = (
				F05F19E51E1BC26C00556CD6 /* RoamniUITests.swift in Sources */,
			);
			runOnlyForDeploymentPostprocessing = 0;
		};
/* End PBXSourcesBuildPhase section */

/* Begin PBXTargetDependency section */
		F05F19D71E1BC26C00556CD6 /* PBXTargetDependency */ = {
			isa = PBXTargetDependency;
			target = F05F19BD1E1BC26C00556CD6 /* Roamni */;
			targetProxy = F05F19D61E1BC26C00556CD6 /* PBXContainerItemProxy */;
		};
		F05F19E21E1BC26C00556CD6 /* PBXTargetDependency */ = {
			isa = PBXTargetDependency;
			target = F05F19BD1E1BC26C00556CD6 /* Roamni */;
			targetProxy = F05F19E11E1BC26C00556CD6 /* PBXContainerItemProxy */;
		};
/* End PBXTargetDependency section */

/* Begin PBXVariantGroup section */
		F05F19CD1E1BC26C00556CD6 /* LaunchScreen.storyboard */ = {
			isa = PBXVariantGroup;
			children = (
				F05F19CE1E1BC26C00556CD6 /* Base */,
			);
			name = LaunchScreen.storyboard;
			sourceTree = "<group>";
		};
/* End PBXVariantGroup section */

/* Begin XCBuildConfiguration section */
		F05F19E71E1BC26C00556CD6 /* Debug */ = {
			isa = XCBuildConfiguration;
			buildSettings = {
				ALWAYS_SEARCH_USER_PATHS = NO;
				CLANG_ANALYZER_NONNULL = YES;
				CLANG_CXX_LANGUAGE_STANDARD = "gnu++0x";
				CLANG_CXX_LIBRARY = "libc++";
				CLANG_ENABLE_MODULES = YES;
				CLANG_ENABLE_OBJC_ARC = YES;
				CLANG_WARN_BOOL_CONVERSION = YES;
				CLANG_WARN_CONSTANT_CONVERSION = YES;
				CLANG_WARN_DIRECT_OBJC_ISA_USAGE = YES_ERROR;
				CLANG_WARN_DOCUMENTATION_COMMENTS = YES;
				CLANG_WARN_EMPTY_BODY = YES;
				CLANG_WARN_ENUM_CONVERSION = YES;
				CLANG_WARN_INFINITE_RECURSION = YES;
				CLANG_WARN_INT_CONVERSION = YES;
				CLANG_WARN_OBJC_ROOT_CLASS = YES_ERROR;
				CLANG_WARN_SUSPICIOUS_MOVE = YES;
				CLANG_WARN_UNREACHABLE_CODE = YES;
				CLANG_WARN__DUPLICATE_METHOD_MATCH = YES;
				"CODE_SIGN_IDENTITY[sdk=iphoneos*]" = "iPhone Developer";
				COPY_PHASE_STRIP = NO;
				DEBUG_INFORMATION_FORMAT = dwarf;
				ENABLE_STRICT_OBJC_MSGSEND = YES;
				ENABLE_TESTABILITY = YES;
				GCC_C_LANGUAGE_STANDARD = gnu99;
				GCC_DYNAMIC_NO_PIC = NO;
				GCC_NO_COMMON_BLOCKS = YES;
				GCC_OPTIMIZATION_LEVEL = 0;
				GCC_PREPROCESSOR_DEFINITIONS = (
					"DEBUG=1",
					"$(inherited)",
				);
				GCC_WARN_64_TO_32_BIT_CONVERSION = YES;
				GCC_WARN_ABOUT_RETURN_TYPE = YES_ERROR;
				GCC_WARN_UNDECLARED_SELECTOR = YES;
				GCC_WARN_UNINITIALIZED_AUTOS = YES_AGGRESSIVE;
				GCC_WARN_UNUSED_FUNCTION = YES;
				GCC_WARN_UNUSED_VARIABLE = YES;
				IPHONEOS_DEPLOYMENT_TARGET = 10.2;
				MTL_ENABLE_DEBUG_INFO = YES;
				ONLY_ACTIVE_ARCH = YES;
				SDKROOT = iphoneos;
				SWIFT_ACTIVE_COMPILATION_CONDITIONS = DEBUG;
				SWIFT_OPTIMIZATION_LEVEL = "-Onone";
				TARGETED_DEVICE_FAMILY = "1,2";
			};
			name = Debug;
		};
		F05F19E81E1BC26C00556CD6 /* Release */ = {
			isa = XCBuildConfiguration;
			buildSettings = {
				ALWAYS_SEARCH_USER_PATHS = NO;
				CLANG_ANALYZER_NONNULL = YES;
				CLANG_CXX_LANGUAGE_STANDARD = "gnu++0x";
				CLANG_CXX_LIBRARY = "libc++";
				CLANG_ENABLE_MODULES = YES;
				CLANG_ENABLE_OBJC_ARC = YES;
				CLANG_WARN_BOOL_CONVERSION = YES;
				CLANG_WARN_CONSTANT_CONVERSION = YES;
				CLANG_WARN_DIRECT_OBJC_ISA_USAGE = YES_ERROR;
				CLANG_WARN_DOCUMENTATION_COMMENTS = YES;
				CLANG_WARN_EMPTY_BODY = YES;
				CLANG_WARN_ENUM_CONVERSION = YES;
				CLANG_WARN_INFINITE_RECURSION = YES;
				CLANG_WARN_INT_CONVERSION = YES;
				CLANG_WARN_OBJC_ROOT_CLASS = YES_ERROR;
				CLANG_WARN_SUSPICIOUS_MOVE = YES;
				CLANG_WARN_UNREACHABLE_CODE = YES;
				CLANG_WARN__DUPLICATE_METHOD_MATCH = YES;
				"CODE_SIGN_IDENTITY[sdk=iphoneos*]" = "iPhone Developer";
				COPY_PHASE_STRIP = NO;
				DEBUG_INFORMATION_FORMAT = "dwarf-with-dsym";
				ENABLE_NS_ASSERTIONS = NO;
				ENABLE_STRICT_OBJC_MSGSEND = YES;
				GCC_C_LANGUAGE_STANDARD = gnu99;
				GCC_NO_COMMON_BLOCKS = YES;
				GCC_WARN_64_TO_32_BIT_CONVERSION = YES;
				GCC_WARN_ABOUT_RETURN_TYPE = YES_ERROR;
				GCC_WARN_UNDECLARED_SELECTOR = YES;
				GCC_WARN_UNINITIALIZED_AUTOS = YES_AGGRESSIVE;
				GCC_WARN_UNUSED_FUNCTION = YES;
				GCC_WARN_UNUSED_VARIABLE = YES;
				IPHONEOS_DEPLOYMENT_TARGET = 10.2;
				MTL_ENABLE_DEBUG_INFO = NO;
				SDKROOT = iphoneos;
				SWIFT_OPTIMIZATION_LEVEL = "-Owholemodule";
				TARGETED_DEVICE_FAMILY = "1,2";
				VALIDATE_PRODUCT = YES;
			};
			name = Release;
		};
		F05F19EA1E1BC26C00556CD6 /* Debug */ = {
			isa = XCBuildConfiguration;
			baseConfigurationReference = B6B44BF97247FFACC8EC1517 /* Pods-Roamni.debug.xcconfig */;
			buildSettings = {
				ASSETCATALOG_COMPILER_APPICON_NAME = AppIcon;
				DEVELOPMENT_TEAM = BRJW2E4722;
				INFOPLIST_FILE = Roamni/Info.plist;
				IPHONEOS_DEPLOYMENT_TARGET = 10.1;
				LD_RUNPATH_SEARCH_PATHS = "$(inherited) @executable_path/Frameworks";
				PRODUCT_BUNDLE_IDENTIFIER = Roamni.prototype;
				PRODUCT_NAME = "$(TARGET_NAME)";
				SWIFT_VERSION = 3.0;
			};
			name = Debug;
		};
		F05F19EB1E1BC26C00556CD6 /* Release */ = {
			isa = XCBuildConfiguration;
			baseConfigurationReference = C95B3B5E6B72742CC18460B8 /* Pods-Roamni.release.xcconfig */;
			buildSettings = {
				ASSETCATALOG_COMPILER_APPICON_NAME = AppIcon;
				DEVELOPMENT_TEAM = BRJW2E4722;
				INFOPLIST_FILE = Roamni/Info.plist;
				IPHONEOS_DEPLOYMENT_TARGET = 10.1;
				LD_RUNPATH_SEARCH_PATHS = "$(inherited) @executable_path/Frameworks";
				PRODUCT_BUNDLE_IDENTIFIER = Roamni.prototype;
				PRODUCT_NAME = "$(TARGET_NAME)";
				SWIFT_VERSION = 3.0;
			};
			name = Release;
		};
		F05F19ED1E1BC26C00556CD6 /* Debug */ = {
			isa = XCBuildConfiguration;
			baseConfigurationReference = AC13739CE1DA53B86601A213 /* Pods-RoamniTests.debug.xcconfig */;
			buildSettings = {
				ALWAYS_EMBED_SWIFT_STANDARD_LIBRARIES = YES;
				BUNDLE_LOADER = "$(TEST_HOST)";
				DEVELOPMENT_TEAM = 5UEEWU7R25;
				INFOPLIST_FILE = RoamniTests/Info.plist;
				IPHONEOS_DEPLOYMENT_TARGET = 10.1;
				LD_RUNPATH_SEARCH_PATHS = "$(inherited) @executable_path/Frameworks @loader_path/Frameworks";
				PRODUCT_BUNDLE_IDENTIFIER = ROAMNI.RoamniTests;
				PRODUCT_NAME = "$(TARGET_NAME)";
				SWIFT_VERSION = 3.0;
				TEST_HOST = "$(BUILT_PRODUCTS_DIR)/Roamni.app/Roamni";
			};
			name = Debug;
		};
		F05F19EE1E1BC26C00556CD6 /* Release */ = {
			isa = XCBuildConfiguration;
			baseConfigurationReference = 47FFDFCA848D1C7A4458852B /* Pods-RoamniTests.release.xcconfig */;
			buildSettings = {
				ALWAYS_EMBED_SWIFT_STANDARD_LIBRARIES = YES;
				BUNDLE_LOADER = "$(TEST_HOST)";
				DEVELOPMENT_TEAM = 5UEEWU7R25;
				INFOPLIST_FILE = RoamniTests/Info.plist;
				IPHONEOS_DEPLOYMENT_TARGET = 10.1;
				LD_RUNPATH_SEARCH_PATHS = "$(inherited) @executable_path/Frameworks @loader_path/Frameworks";
				PRODUCT_BUNDLE_IDENTIFIER = ROAMNI.RoamniTests;
				PRODUCT_NAME = "$(TARGET_NAME)";
				SWIFT_VERSION = 3.0;
				TEST_HOST = "$(BUILT_PRODUCTS_DIR)/Roamni.app/Roamni";
			};
			name = Release;
		};
		F05F19F01E1BC26C00556CD6 /* Debug */ = {
			isa = XCBuildConfiguration;
			baseConfigurationReference = 6BF49D98EAD3D4B15D245B4E /* Pods-RoamniUITests.debug.xcconfig */;
			buildSettings = {
				ALWAYS_EMBED_SWIFT_STANDARD_LIBRARIES = YES;
				DEVELOPMENT_TEAM = 5UEEWU7R25;
				INFOPLIST_FILE = RoamniUITests/Info.plist;
				IPHONEOS_DEPLOYMENT_TARGET = 10.1;
				LD_RUNPATH_SEARCH_PATHS = "$(inherited) @executable_path/Frameworks @loader_path/Frameworks";
				PRODUCT_BUNDLE_IDENTIFIER = ROAMNI.RoamniUITests;
				PRODUCT_NAME = "$(TARGET_NAME)";
				SWIFT_VERSION = 3.0;
				TEST_TARGET_NAME = Roamni;
			};
			name = Debug;
		};
		F05F19F11E1BC26C00556CD6 /* Release */ = {
			isa = XCBuildConfiguration;
			baseConfigurationReference = F51C488CFB7EC4528C52017A /* Pods-RoamniUITests.release.xcconfig */;
			buildSettings = {
				ALWAYS_EMBED_SWIFT_STANDARD_LIBRARIES = YES;
				DEVELOPMENT_TEAM = 5UEEWU7R25;
				INFOPLIST_FILE = RoamniUITests/Info.plist;
				IPHONEOS_DEPLOYMENT_TARGET = 10.1;
				LD_RUNPATH_SEARCH_PATHS = "$(inherited) @executable_path/Frameworks @loader_path/Frameworks";
				PRODUCT_BUNDLE_IDENTIFIER = ROAMNI.RoamniUITests;
				PRODUCT_NAME = "$(TARGET_NAME)";
				SWIFT_VERSION = 3.0;
				TEST_TARGET_NAME = Roamni;
			};
			name = Release;
		};
/* End XCBuildConfiguration section */

/* Begin XCConfigurationList section */
		F05F19B91E1BC26C00556CD6 /* Build configuration list for PBXProject "Roamni" */ = {
			isa = XCConfigurationList;
			buildConfigurations = (
				F05F19E71E1BC26C00556CD6 /* Debug */,
				F05F19E81E1BC26C00556CD6 /* Release */,
			);
			defaultConfigurationIsVisible = 0;
			defaultConfigurationName = Release;
		};
		F05F19E91E1BC26C00556CD6 /* Build configuration list for PBXNativeTarget "Roamni" */ = {
			isa = XCConfigurationList;
			buildConfigurations = (
				F05F19EA1E1BC26C00556CD6 /* Debug */,
				F05F19EB1E1BC26C00556CD6 /* Release */,
			);
			defaultConfigurationIsVisible = 0;
			defaultConfigurationName = Release;
		};
		F05F19EC1E1BC26C00556CD6 /* Build configuration list for PBXNativeTarget "RoamniTests" */ = {
			isa = XCConfigurationList;
			buildConfigurations = (
				F05F19ED1E1BC26C00556CD6 /* Debug */,
				F05F19EE1E1BC26C00556CD6 /* Release */,
			);
			defaultConfigurationIsVisible = 0;
			defaultConfigurationName = Release;
		};
		F05F19EF1E1BC26C00556CD6 /* Build configuration list for PBXNativeTarget "RoamniUITests" */ = {
			isa = XCConfigurationList;
			buildConfigurations = (
				F05F19F01E1BC26C00556CD6 /* Debug */,
				F05F19F11E1BC26C00556CD6 /* Release */,
			);
			defaultConfigurationIsVisible = 0;
			defaultConfigurationName = Release;
		};
/* End XCConfigurationList section */

/* Begin XCVersionGroup section */
		F05F19C81E1BC26C00556CD6 /* Roamni.xcdatamodeld */ = {
			isa = XCVersionGroup;
			children = (
				F05F19C91E1BC26C00556CD6 /* Roamni.xcdatamodel */,
			);
			currentVersion = F05F19C91E1BC26C00556CD6 /* Roamni.xcdatamodel */;
			path = Roamni.xcdatamodeld;
			sourceTree = "<group>";
			versionGroupType = wrapper.xcdatamodel;
		};
/* End XCVersionGroup section */
	};
	rootObject = F05F19B61E1BC26C00556CD6 /* Project object */;
}
